
Microsoft Visual Studio Solution File, Format Version 12.00
# Visual Studio Version 17
VisualStudioVersion = 17.1.32407.343
MinimumVisualStudioVersion = 10.0.40219.1
Project("{9A19103F-16F7-4668-BE54-9A1E7A4F7556}") = "health-calc-pack-dotnet", "health-calc-pack-dotnet\health-calc-pack-dotnet.csproj", "{DD258776-71E2-4BCC-9751-831EB92AC6B5}"
EndProject
Project("{9A19103F-16F7-4668-BE54-9A1E7A4F7556}") = "health-calc-test-xunit", "health-calc-test-xunit\health-calc-test-xunit.csproj", "{BECEEDAC-29CB-4F81-84E8-89AE7FD26DDD}"
EndProject
Project("{FAE04EC0-301F-11D3-BF4B-00C04F79EFBC}") = "health-calc-console-dotnet", "health-calc-console-dotnet\health-calc-console-dotnet.csproj", "{1C60C4C2-D888-4C95-9419-CE4C7E67AD8A}"
EndProject
Global
	GlobalSection(SolutionConfigurationPlatforms) = preSolution
		Debug|Any CPU = Debug|Any CPU
		Release|Any CPU = Release|Any CPU
	EndGlobalSection
	GlobalSection(ProjectConfigurationPlatforms) = postSolution
		{DD258776-71E2-4BCC-9751-831EB92AC6B5}.Debug|Any CPU.ActiveCfg = Debug|Any CPU
		{DD258776-71E2-4BCC-9751-831EB92AC6B5}.Debug|Any CPU.Build.0 = Debug|Any CPU
		{DD258776-71E2-4BCC-9751-831EB92AC6B5}.Release|Any CPU.ActiveCfg = Release|Any CPU
		{DD258776-71E2-4BCC-9751-831EB92AC6B5}.Release|Any CPU.Build.0 = Release|Any CPU
		{BECEEDAC-29CB-4F81-84E8-89AE7FD26DDD}.Debug|Any CPU.ActiveCfg = Debug|Any CPU
		{BECEEDAC-29CB-4F81-84E8-89AE7FD26DDD}.Debug|Any CPU.Build.0 = Debug|Any CPU
		{BECEEDAC-29CB-4F81-84E8-89AE7FD26DDD}.Release|Any CPU.ActiveCfg = Release|Any CPU
		{BECEEDAC-29CB-4F81-84E8-89AE7FD26DDD}.Release|Any CPU.Build.0 = Release|Any CPU
		{1C60C4C2-D888-4C95-9419-CE4C7E67AD8A}.Debug|Any CPU.ActiveCfg = Debug|Any CPU
		{1C60C4C2-D888-4C95-9419-CE4C7E67AD8A}.Debug|Any CPU.Build.0 = Debug|Any CPU
		{1C60C4C2-D888-4C95-9419-CE4C7E67AD8A}.Release|Any CPU.ActiveCfg = Release|Any CPU
		{1C60C4C2-D888-4C95-9419-CE4C7E67AD8A}.Release|Any CPU.Build.0 = Release|Any CPU
	EndGlobalSection
	GlobalSection(SolutionProperties) = preSolution
		HideSolutionNode = FALSE
	EndGlobalSection
	GlobalSection(ExtensibilityGlobals) = postSolution
		SolutionGuid = {9686C952-3F51-4724-845C-B7BBAC4AC8F2}
	EndGlobalSection
EndGlobal
